
Microsoft Visual Studio Solution File, Format Version 12.00
# Visual Studio Version 16
VisualStudioVersion = 16.0.31624.102
MinimumVisualStudioVersion = 10.0.40219.1
Project("{FAE04EC0-301F-11D3-BF4B-00C04F79EFBC}") = "Homework_Fundamentals", "Homework_Fundamentals\Homework_Fundamentals.csproj", "{EBF5D007-BC71-4CAD-AE34-842C37513155}"
EndProject
Project("{FAE04EC0-301F-11D3-BF4B-00C04F79EFBC}") = "Domain", "Domain\Domain.csproj", "{0355B269-F8E4-4522-8675-27A7CFAE5B84}"
EndProject
Global
	GlobalSection(SolutionConfigurationPlatforms) = preSolution
		Debug|Any CPU = Debug|Any CPU
		Release|Any CPU = Release|Any CPU
	EndGlobalSection
	GlobalSection(ProjectConfigurationPlatforms) = postSolution
		{EBF5D007-BC71-4CAD-AE34-842C37513155}.Debug|Any CPU.ActiveCfg = Debug|Any CPU
		{EBF5D007-BC71-4CAD-AE34-842C37513155}.Debug|Any CPU.Build.0 = Debug|Any CPU
		{EBF5D007-BC71-4CAD-AE34-842C37513155}.Release|Any CPU.ActiveCfg = Release|Any CPU
		{EBF5D007-BC71-4CAD-AE34-842C37513155}.Release|Any CPU.Build.0 = Release|Any CPU
		{0355B269-F8E4-4522-8675-27A7CFAE5B84}.Debug|Any CPU.ActiveCfg = Debug|Any CPU
		{0355B269-F8E4-4522-8675-27A7CFAE5B84}.Debug|Any CPU.Build.0 = Debug|Any CPU
		{0355B269-F8E4-4522-8675-27A7CFAE5B84}.Release|Any CPU.ActiveCfg = Release|Any CPU
		{0355B269-F8E4-4522-8675-27A7CFAE5B84}.Release|Any CPU.Build.0 = Release|Any CPU
	EndGlobalSection
	GlobalSection(SolutionProperties) = preSolution
		HideSolutionNode = FALSE
	EndGlobalSection
	GlobalSection(ExtensibilityGlobals) = postSolution
		SolutionGuid = {56EAC341-70E3-42F0-B1CF-C48726DBFB52}
	EndGlobalSection
EndGlobal
